
Microsoft Visual Studio Solution File, Format Version 12.00
# Visual Studio Version 17
VisualStudioVersion = 17.7.34221.43
MinimumVisualStudioVersion = 10.0.40219.1
Project("{FAE04EC0-301F-11D3-BF4B-00C04F79EFBC}") = "ConsoleApp6", "ConsoleApp6.csproj", "{724D9808-EA46-43F9-8D51-A4D65FDD87F4}"
EndProject
Global
	GlobalSection(SolutionConfigurationPlatforms) = preSolution
		Debug|Any CPU = Debug|Any CPU
		Release|Any CPU = Release|Any CPU
	EndGlobalSection
	GlobalSection(ProjectConfigurationPlatforms) = postSolution
		{724D9808-EA46-43F9-8D51-A4D65FDD87F4}.Debug|Any CPU.ActiveCfg = Debug|Any CPU
		{724D9808-EA46-43F9-8D51-A4D65FDD87F4}.Debug|Any CPU.Build.0 = Debug|Any CPU
		{724D9808-EA46-43F9-8D51-A4D65FDD87F4}.Release|Any CPU.ActiveCfg = Release|Any CPU
		{724D9808-EA46-43F9-8D51-A4D65FDD87F4}.Release|Any CPU.Build.0 = Release|Any CPU
	EndGlobalSection
	GlobalSection(SolutionProperties) = preSolution
		HideSolutionNode = FALSE
	EndGlobalSection
	GlobalSection(ExtensibilityGlobals) = postSolution
		SolutionGuid = {3A94AF59-3EEE-4C18-AE39-84A1635F4C5D}
	EndGlobalSection
EndGlobal
